
Microsoft Visual Studio Solution File, Format Version 12.00
# Visual Studio Version 16
VisualStudioVersion = 16.0.30413.136
MinimumVisualStudioVersion = 10.0.40219.1
Project("{FAE04EC0-301F-11D3-BF4B-00C04F79EFBC}") = "Primes", "Primes\Primes.csproj", "{BD0AD6AF-5DFD-452E-B390-F629993099EE}"
EndProject
Global
	GlobalSection(SolutionConfigurationPlatforms) = preSolution
		Debug|Any CPU = Debug|Any CPU
		Release|Any CPU = Release|Any CPU
	EndGlobalSection
	GlobalSection(ProjectConfigurationPlatforms) = postSolution
		{BD0AD6AF-5DFD-452E-B390-F629993099EE}.Debug|Any CPU.ActiveCfg = Debug|Any CPU
		{BD0AD6AF-5DFD-452E-B390-F629993099EE}.Debug|Any CPU.Build.0 = Debug|Any CPU
		{BD0AD6AF-5DFD-452E-B390-F629993099EE}.Release|Any CPU.ActiveCfg = Release|Any CPU
		{BD0AD6AF-5DFD-452E-B390-F629993099EE}.Release|Any CPU.Build.0 = Release|Any CPU
	EndGlobalSection
	GlobalSection(SolutionProperties) = preSolution
		HideSolutionNode = FALSE
	EndGlobalSection
	GlobalSection(ExtensibilityGlobals) = postSolution
		SolutionGuid = {44563AAF-7CBB-4A96-AD50-38694D76745C}
	EndGlobalSection
EndGlobal
